{
  "name": "rkar-taskboard",
  "version": "1.0.0",
  "lockfileVersion": 1,
  "requires": true,
  "dependencies": {
    "esbuild": {
      "version": "0.8.5",
      "resolved": "https://registry.npmjs.org/esbuild/-/esbuild-0.8.5.tgz",
      "integrity": "sha512-195Lq3Hp3V8rvccV4ede8PxmGvKuh4BrGQHxVfcYmpyg1ni078QN4iO1VNYCl55v0qYsWz6n96y3ZtMpuEtDRQ==",
      "dev": true
    }
  }
}
